lockfile_version: '1'
generated_at: '2026-07-29T12:05:05.876346+00:00'
apm_version: 0.18.0
dependencies:
- repo_url: dotnet/skills
  host: github.com
  resolved_commit: 6a98798417cd5a82e015507db06e475cfb960a3e
  virtual_path: plugins/dotnet-diag/skills/microbenchmarking
  is_virtual: true
  package_type: claude_skill
  deployed_files:
  - .agents/skills/microbenchmarking
  content_hash: sha256:88d14252630bba549efeceab794d7ab486b68eef2ed68ff3bc51ff186ac2b310
- repo_url: dotnet/skills
  host: github.com
  resolved_commit: 6a98798417cd5a82e015507db06e475cfb960a3e
  virtual_path: plugins/dotnet-diag/skills/analyzing-dotnet-performance
  is_virtual: true
  package_type: claude_skill
  deployed_files:
  - .agents/skills/analyzing-dotnet-performance
  content_hash: sha256:306ed34dfe2c62c06ecb1e2123212a0886644960c00e01700c2b6721dab3ba81
- repo_url: wshaddix/dotnet-skills
  host: github.com
  resolved_commit: 09da68dc1f3c06f3bde05f49a6301c75478ab123
  virtual_path: skills/dotnet-benchmarkdotnet
  is_virtual: true
  package_type: claude_skill
  deployed_files:
  - .agents/skills/dotnet-benchmarkdotnet
  content_hash: sha256:c3f649f86772072c6fea46bc6c8c55d503bcca92ff2b43bdea98e7c0ba444199
- repo_url: wshaddix/dotnet-skills
  host: github.com
  resolved_commit: 09da68dc1f3c06f3bde05f49a6301c75478ab123
  virtual_path: skills/dotnet-ci-benchmarking
  is_virtual: true
  package_type: claude_skill
  deployed_files:
  - .agents/skills/dotnet-ci-benchmarking
  content_hash: sha256:87b051efe65afdb44ae0cabd75770b6a44e5fdea397aafe5c72aab0998ae4a47
