
Microsoft Visual Studio Solution File, Format Version 12.00
# Visual Studio Version 17
VisualStudioVersion = 17.0.31903.59
MinimumVisualStudioVersion = 10.0.40219.1
Project("{FAE04EC0-301F-11D3-BF4B-00C04F79EFBC}") = "Pattrn", "src\Pattrn\Pattrn.csproj", "{6CE5F55E-E477-42C0-A78B-6E0B7E9B08F4}"
EndProject
Project("{2150E333-8FDC-42A3-9474-1A3956D46DE8}") = "tests", "tests", "{0AB3BF05-4346-4AA6-1389-037BE0695223}"
EndProject
Project("{FAE04EC0-301F-11D3-BF4B-00C04F79EFBC}") = "Pattrn.Tests", "tests\Pattrn.Tests\Pattrn.Tests.csproj", "{E38AAF9B-AAA8-42EC-BE35-5BF68706A884}"
EndProject
Project("{2150E333-8FDC-42A3-9474-1A3956D46DE8}") = "src", "src", "{827E0CD3-B72D-47B6-A68D-7590B98EB39B}"
EndProject
Project("{2150E333-8FDC-42A3-9474-1A3956D46DE8}") = "benchmarks", "benchmarks", "{66320409-64EC-F7C5-3DEF-65E7510DAAD1}"
EndProject
Project("{FAE04EC0-301F-11D3-BF4B-00C04F79EFBC}") = "Pattrn.Benchmarks", "benchmarks\Pattrn.Benchmarks\Pattrn.Benchmarks.csproj", "{0A93B8FE-4DAC-4C47-946C-B59A17193F16}"
EndProject
Project("{2150E333-8FDC-42A3-9474-1A3956D46DE8}") = "samples", "samples", "{5D20AA90-6969-D8BD-9DCD-8634F4692FDA}"
EndProject
Project("{FAE04EC0-301F-11D3-BF4B-00C04F79EFBC}") = "Pattrn.Samples", "samples\Pattrn.Samples\Pattrn.Samples.csproj", "{D271BCA5-5F9E-4210-B51A-01DCB36317C4}"
EndProject
Project("{FAE04EC0-301F-11D3-BF4B-00C04F79EFBC}") = "Pattrn.DependencyInjection", "src\Pattrn.DependencyInjection\Pattrn.DependencyInjection.csproj", "{BF9B1749-B51C-48CF-85C7-E6E4604204C9}"
EndProject
Project("{FAE04EC0-301F-11D3-BF4B-00C04F79EFBC}") = "Pattrn.DependencyInjection.Tests", "tests\Pattrn.DependencyInjection.Tests\Pattrn.DependencyInjection.Tests.csproj", "{DD6E6998-9993-4832-83CF-8BDE7E6D8BC1}"
EndProject
Project("{FAE04EC0-301F-11D3-BF4B-00C04F79EFBC}") = "Pattrn.DiSample", "samples\Pattrn.DiSample\Pattrn.DiSample.csproj", "{CA59D634-D84E-4FFA-BD17-623C94F3919B}"
EndProject
Project("{FAE04EC0-301F-11D3-BF4B-00C04F79EFBC}") = "Pattrn.Strings", "src\Pattrn.Strings\Pattrn.Strings.csproj", "{2FF8D499-86BC-46C5-8206-613390E15F56}"
EndProject
Project("{FAE04EC0-301F-11D3-BF4B-00C04F79EFBC}") = "Pattrn.Strings.Tests", "tests\Pattrn.Strings.Tests\Pattrn.Strings.Tests.csproj", "{6303FEBE-BD67-4947-9517-A1C2090E9F19}"
EndProject
Project("{FAE04EC0-301F-11D3-BF4B-00C04F79EFBC}") = "Pattrn.Routing", "src\Pattrn.Routing\Pattrn.Routing.csproj", "{ABBA9652-2A21-4D74-A8D6-05D201F5A9C7}"
EndProject
Project("{FAE04EC0-301F-11D3-BF4B-00C04F79EFBC}") = "Pattrn.Routing.Tests", "tests\Pattrn.Routing.Tests\Pattrn.Routing.Tests.csproj", "{C964549E-C719-4662-B955-726B1F00BB92}"
EndProject
Global
	GlobalSection(SolutionConfigurationPlatforms) = preSolution
		Debug|Any CPU = Debug|Any CPU
		Debug|x64 = Debug|x64
		Debug|x86 = Debug|x86
		Release|Any CPU = Release|Any CPU
		Release|x64 = Release|x64
		Release|x86 = Release|x86
	EndGlobalSection
	GlobalSection(ProjectConfigurationPlatforms) = postSolution
		{6CE5F55E-E477-42C0-A78B-6E0B7E9B08F4}.Debug|Any CPU.ActiveCfg = Debug|Any CPU
		{6CE5F55E-E477-42C0-A78B-6E0B7E9B08F4}.Debug|Any CPU.Build.0 = Debug|Any CPU
		{6CE5F55E-E477-42C0-A78B-6E0B7E9B08F4}.Debug|x64.ActiveCfg = Debug|Any CPU
		{6CE5F55E-E477-42C0-A78B-6E0B7E9B08F4}.Debug|x64.Build.0 = Debug|Any CPU
		{6CE5F55E-E477-42C0-A78B-6E0B7E9B08F4}.Debug|x86.ActiveCfg = Debug|Any CPU
		{6CE5F55E-E477-42C0-A78B-6E0B7E9B08F4}.Debug|x86.Build.0 = Debug|Any CPU
		{6CE5F55E-E477-42C0-A78B-6E0B7E9B08F4}.Release|Any CPU.ActiveCfg = Release|Any CPU
		{6CE5F55E-E477-42C0-A78B-6E0B7E9B08F4}.Release|Any CPU.Build.0 = Release|Any CPU
		{6CE5F55E-E477-42C0-A78B-6E0B7E9B08F4}.Release|x64.ActiveCfg = Release|Any CPU
		{6CE5F55E-E477-42C0-A78B-6E0B7E9B08F4}.Release|x64.Build.0 = Release|Any CPU
		{6CE5F55E-E477-42C0-A78B-6E0B7E9B08F4}.Release|x86.ActiveCfg = Release|Any CPU
		{6CE5F55E-E477-42C0-A78B-6E0B7E9B08F4}.Release|x86.Build.0 = Release|Any CPU
		{E38AAF9B-AAA8-42EC-BE35-5BF68706A884}.Debug|Any CPU.ActiveCfg = Debug|Any CPU
		{E38AAF9B-AAA8-42EC-BE35-5BF68706A884}.Debug|Any CPU.Build.0 = Debug|Any CPU
		{E38AAF9B-AAA8-42EC-BE35-5BF68706A884}.Debug|x64.ActiveCfg = Debug|Any CPU
		{E38AAF9B-AAA8-42EC-BE35-5BF68706A884}.Debug|x64.Build.0 = Debug|Any CPU
		{E38AAF9B-AAA8-42EC-BE35-5BF68706A884}.Debug|x86.ActiveCfg = Debug|Any CPU
		{E38AAF9B-AAA8-42EC-BE35-5BF68706A884}.Debug|x86.Build.0 = Debug|Any CPU
		{E38AAF9B-AAA8-42EC-BE35-5BF68706A884}.Release|Any CPU.ActiveCfg = Release|Any CPU
		{E38AAF9B-AAA8-42EC-BE35-5BF68706A884}.Release|Any CPU.Build.0 = Release|Any CPU
		{E38AAF9B-AAA8-42EC-BE35-5BF68706A884}.Release|x64.ActiveCfg = Release|Any CPU
		{E38AAF9B-AAA8-42EC-BE35-5BF68706A884}.Release|x64.Build.0 = Release|Any CPU
		{E38AAF9B-AAA8-42EC-BE35-5BF68706A884}.Release|x86.ActiveCfg = Release|Any CPU
		{E38AAF9B-AAA8-42EC-BE35-5BF68706A884}.Release|x86.Build.0 = Release|Any CPU
		{0A93B8FE-4DAC-4C47-946C-B59A17193F16}.Debug|Any CPU.ActiveCfg = Debug|Any CPU
		{0A93B8FE-4DAC-4C47-946C-B59A17193F16}.Debug|Any CPU.Build.0 = Debug|Any CPU
		{0A93B8FE-4DAC-4C47-946C-B59A17193F16}.Debug|x64.ActiveCfg = Debug|Any CPU
		{0A93B8FE-4DAC-4C47-946C-B59A17193F16}.Debug|x64.Build.0 = Debug|Any CPU
		{0A93B8FE-4DAC-4C47-946C-B59A17193F16}.Debug|x86.ActiveCfg = Debug|Any CPU
		{0A93B8FE-4DAC-4C47-946C-B59A17193F16}.Debug|x86.Build.0 = Debug|Any CPU
		{0A93B8FE-4DAC-4C47-946C-B59A17193F16}.Release|Any CPU.ActiveCfg = Release|Any CPU
		{0A93B8FE-4DAC-4C47-946C-B59A17193F16}.Release|Any CPU.Build.0 = Release|Any CPU
		{0A93B8FE-4DAC-4C47-946C-B59A17193F16}.Release|x64.ActiveCfg = Release|Any CPU
		{0A93B8FE-4DAC-4C47-946C-B59A17193F16}.Release|x64.Build.0 = Release|Any CPU
		{0A93B8FE-4DAC-4C47-946C-B59A17193F16}.Release|x86.ActiveCfg = Release|Any CPU
		{0A93B8FE-4DAC-4C47-946C-B59A17193F16}.Release|x86.Build.0 = Release|Any CPU
		{D271BCA5-5F9E-4210-B51A-01DCB36317C4}.Debug|Any CPU.ActiveCfg = Debug|Any CPU
		{D271BCA5-5F9E-4210-B51A-01DCB36317C4}.Debug|Any CPU.Build.0 = Debug|Any CPU
		{D271BCA5-5F9E-4210-B51A-01DCB36317C4}.Debug|x64.ActiveCfg = Debug|Any CPU
		{D271BCA5-5F9E-4210-B51A-01DCB36317C4}.Debug|x64.Build.0 = Debug|Any CPU
		{D271BCA5-5F9E-4210-B51A-01DCB36317C4}.Debug|x86.ActiveCfg = Debug|Any CPU
		{D271BCA5-5F9E-4210-B51A-01DCB36317C4}.Debug|x86.Build.0 = Debug|Any CPU
		{D271BCA5-5F9E-4210-B51A-01DCB36317C4}.Release|Any CPU.ActiveCfg = Release|Any CPU
		{D271BCA5-5F9E-4210-B51A-01DCB36317C4}.Release|Any CPU.Build.0 = Release|Any CPU
		{D271BCA5-5F9E-4210-B51A-01DCB36317C4}.Release|x64.ActiveCfg = Release|Any CPU
		{D271BCA5-5F9E-4210-B51A-01DCB36317C4}.Release|x64.Build.0 = Release|Any CPU
		{D271BCA5-5F9E-4210-B51A-01DCB36317C4}.Release|x86.ActiveCfg = Release|Any CPU
		{D271BCA5-5F9E-4210-B51A-01DCB36317C4}.Release|x86.Build.0 = Release|Any CPU
		{BF9B1749-B51C-48CF-85C7-E6E4604204C9}.Debug|Any CPU.ActiveCfg = Debug|Any CPU
		{BF9B1749-B51C-48CF-85C7-E6E4604204C9}.Debug|Any CPU.Build.0 = Debug|Any CPU
		{BF9B1749-B51C-48CF-85C7-E6E4604204C9}.Debug|x64.ActiveCfg = Debug|Any CPU
		{BF9B1749-B51C-48CF-85C7-E6E4604204C9}.Debug|x64.Build.0 = Debug|Any CPU
		{BF9B1749-B51C-48CF-85C7-E6E4604204C9}.Debug|x86.ActiveCfg = Debug|Any CPU
		{BF9B1749-B51C-48CF-85C7-E6E4604204C9}.Debug|x86.Build.0 = Debug|Any CPU
		{BF9B1749-B51C-48CF-85C7-E6E4604204C9}.Release|Any CPU.ActiveCfg = Release|Any CPU
		{BF9B1749-B51C-48CF-85C7-E6E4604204C9}.Release|Any CPU.Build.0 = Release|Any CPU
		{BF9B1749-B51C-48CF-85C7-E6E4604204C9}.Release|x64.ActiveCfg = Release|Any CPU
		{BF9B1749-B51C-48CF-85C7-E6E4604204C9}.Release|x64.Build.0 = Release|Any CPU
		{BF9B1749-B51C-48CF-85C7-E6E4604204C9}.Release|x86.ActiveCfg = Release|Any CPU
		{BF9B1749-B51C-48CF-85C7-E6E4604204C9}.Release|x86.Build.0 = Release|Any CPU
		{DD6E6998-9993-4832-83CF-8BDE7E6D8BC1}.Debug|Any CPU.ActiveCfg = Debug|Any CPU
		{DD6E6998-9993-4832-83CF-8BDE7E6D8BC1}.Debug|Any CPU.Build.0 = Debug|Any CPU
		{DD6E6998-9993-4832-83CF-8BDE7E6D8BC1}.Debug|x64.ActiveCfg = Debug|Any CPU
		{DD6E6998-9993-4832-83CF-8BDE7E6D8BC1}.Debug|x64.Build.0 = Debug|Any CPU
		{DD6E6998-9993-4832-83CF-8BDE7E6D8BC1}.Debug|x86.ActiveCfg = Debug|Any CPU
		{DD6E6998-9993-4832-83CF-8BDE7E6D8BC1}.Debug|x86.Build.0 = Debug|Any CPU
		{DD6E6998-9993-4832-83CF-8BDE7E6D8BC1}.Release|Any CPU.ActiveCfg = Release|Any CPU
		{DD6E6998-9993-4832-83CF-8BDE7E6D8BC1}.Release|Any CPU.Build.0 = Release|Any CPU
		{DD6E6998-9993-4832-83CF-8BDE7E6D8BC1}.Release|x64.ActiveCfg = Release|Any CPU
		{DD6E6998-9993-4832-83CF-8BDE7E6D8BC1}.Release|x64.Build.0 = Release|Any CPU
		{DD6E6998-9993-4832-83CF-8BDE7E6D8BC1}.Release|x86.ActiveCfg = Release|Any CPU
		{DD6E6998-9993-4832-83CF-8BDE7E6D8BC1}.Release|x86.Build.0 = Release|Any CPU
		{CA59D634-D84E-4FFA-BD17-623C94F3919B}.Debug|Any CPU.ActiveCfg = Debug|Any CPU
		{CA59D634-D84E-4FFA-BD17-623C94F3919B}.Debug|Any CPU.Build.0 = Debug|Any CPU
		{CA59D634-D84E-4FFA-BD17-623C94F3919B}.Debug|x64.ActiveCfg = Debug|Any CPU
		{CA59D634-D84E-4FFA-BD17-623C94F3919B}.Debug|x64.Build.0 = Debug|Any CPU
		{CA59D634-D84E-4FFA-BD17-623C94F3919B}.Debug|x86.ActiveCfg = Debug|Any CPU
		{CA59D634-D84E-4FFA-BD17-623C94F3919B}.Debug|x86.Build.0 = Debug|Any CPU
		{CA59D634-D84E-4FFA-BD17-623C94F3919B}.Release|Any CPU.ActiveCfg = Release|Any CPU
		{CA59D634-D84E-4FFA-BD17-623C94F3919B}.Release|Any CPU.Build.0 = Release|Any CPU
		{CA59D634-D84E-4FFA-BD17-623C94F3919B}.Release|x64.ActiveCfg = Release|Any CPU
		{CA59D634-D84E-4FFA-BD17-623C94F3919B}.Release|x64.Build.0 = Release|Any CPU
		{CA59D634-D84E-4FFA-BD17-623C94F3919B}.Release|x86.ActiveCfg = Release|Any CPU
		{CA59D634-D84E-4FFA-BD17-623C94F3919B}.Release|x86.Build.0 = Release|Any CPU
		{2FF8D499-86BC-46C5-8206-613390E15F56}.Debug|Any CPU.ActiveCfg = Debug|Any CPU
		{2FF8D499-86BC-46C5-8206-613390E15F56}.Debug|Any CPU.Build.0 = Debug|Any CPU
		{2FF8D499-86BC-46C5-8206-613390E15F56}.Debug|x64.ActiveCfg = Debug|Any CPU
		{2FF8D499-86BC-46C5-8206-613390E15F56}.Debug|x64.Build.0 = Debug|Any CPU
		{2FF8D499-86BC-46C5-8206-613390E15F56}.Debug|x86.ActiveCfg = Debug|Any CPU
		{2FF8D499-86BC-46C5-8206-613390E15F56}.Debug|x86.Build.0 = Debug|Any CPU
		{2FF8D499-86BC-46C5-8206-613390E15F56}.Release|Any CPU.ActiveCfg = Release|Any CPU
		{2FF8D499-86BC-46C5-8206-613390E15F56}.Release|Any CPU.Build.0 = Release|Any CPU
		{2FF8D499-86BC-46C5-8206-613390E15F56}.Release|x64.ActiveCfg = Release|Any CPU
		{2FF8D499-86BC-46C5-8206-613390E15F56}.Release|x64.Build.0 = Release|Any CPU
		{2FF8D499-86BC-46C5-8206-613390E15F56}.Release|x86.ActiveCfg = Release|Any CPU
		{2FF8D499-86BC-46C5-8206-613390E15F56}.Release|x86.Build.0 = Release|Any CPU
		{6303FEBE-BD67-4947-9517-A1C2090E9F19}.Debug|Any CPU.ActiveCfg = Debug|Any CPU
		{6303FEBE-BD67-4947-9517-A1C2090E9F19}.Debug|Any CPU.Build.0 = Debug|Any CPU
		{6303FEBE-BD67-4947-9517-A1C2090E9F19}.Debug|x64.ActiveCfg = Debug|Any CPU
		{6303FEBE-BD67-4947-9517-A1C2090E9F19}.Debug|x64.Build.0 = Debug|Any CPU
		{6303FEBE-BD67-4947-9517-A1C2090E9F19}.Debug|x86.ActiveCfg = Debug|Any CPU
		{6303FEBE-BD67-4947-9517-A1C2090E9F19}.Debug|x86.Build.0 = Debug|Any CPU
		{6303FEBE-BD67-4947-9517-A1C2090E9F19}.Release|Any CPU.ActiveCfg = Release|Any CPU
		{6303FEBE-BD67-4947-9517-A1C2090E9F19}.Release|Any CPU.Build.0 = Release|Any CPU
		{6303FEBE-BD67-4947-9517-A1C2090E9F19}.Release|x64.ActiveCfg = Release|Any CPU
		{6303FEBE-BD67-4947-9517-A1C2090E9F19}.Release|x64.Build.0 = Release|Any CPU
		{6303FEBE-BD67-4947-9517-A1C2090E9F19}.Release|x86.ActiveCfg = Release|Any CPU
		{6303FEBE-BD67-4947-9517-A1C2090E9F19}.Release|x86.Build.0 = Release|Any CPU
		{ABBA9652-2A21-4D74-A8D6-05D201F5A9C7}.Debug|Any CPU.ActiveCfg = Debug|Any CPU
		{ABBA9652-2A21-4D74-A8D6-05D201F5A9C7}.Debug|Any CPU.Build.0 = Debug|Any CPU
		{ABBA9652-2A21-4D74-A8D6-05D201F5A9C7}.Debug|x64.ActiveCfg = Debug|Any CPU
		{ABBA9652-2A21-4D74-A8D6-05D201F5A9C7}.Debug|x64.Build.0 = Debug|Any CPU
		{ABBA9652-2A21-4D74-A8D6-05D201F5A9C7}.Debug|x86.ActiveCfg = Debug|Any CPU
		{ABBA9652-2A21-4D74-A8D6-05D201F5A9C7}.Debug|x86.Build.0 = Debug|Any CPU
		{ABBA9652-2A21-4D74-A8D6-05D201F5A9C7}.Release|Any CPU.ActiveCfg = Release|Any CPU
		{ABBA9652-2A21-4D74-A8D6-05D201F5A9C7}.Release|Any CPU.Build.0 = Release|Any CPU
		{ABBA9652-2A21-4D74-A8D6-05D201F5A9C7}.Release|x64.ActiveCfg = Release|Any CPU
		{ABBA9652-2A21-4D74-A8D6-05D201F5A9C7}.Release|x64.Build.0 = Release|Any CPU
		{ABBA9652-2A21-4D74-A8D6-05D201F5A9C7}.Release|x86.ActiveCfg = Release|Any CPU
		{ABBA9652-2A21-4D74-A8D6-05D201F5A9C7}.Release|x86.Build.0 = Release|Any CPU
		{C964549E-C719-4662-B955-726B1F00BB92}.Debug|Any CPU.ActiveCfg = Debug|Any CPU
		{C964549E-C719-4662-B955-726B1F00BB92}.Debug|Any CPU.Build.0 = Debug|Any CPU
		{C964549E-C719-4662-B955-726B1F00BB92}.Debug|x64.ActiveCfg = Debug|Any CPU
		{C964549E-C719-4662-B955-726B1F00BB92}.Debug|x64.Build.0 = Debug|Any CPU
		{C964549E-C719-4662-B955-726B1F00BB92}.Debug|x86.ActiveCfg = Debug|Any CPU
		{C964549E-C719-4662-B955-726B1F00BB92}.Debug|x86.Build.0 = Debug|Any CPU
		{C964549E-C719-4662-B955-726B1F00BB92}.Release|Any CPU.ActiveCfg = Release|Any CPU
		{C964549E-C719-4662-B955-726B1F00BB92}.Release|Any CPU.Build.0 = Release|Any CPU
		{C964549E-C719-4662-B955-726B1F00BB92}.Release|x64.ActiveCfg = Release|Any CPU
		{C964549E-C719-4662-B955-726B1F00BB92}.Release|x64.Build.0 = Release|Any CPU
		{C964549E-C719-4662-B955-726B1F00BB92}.Release|x86.ActiveCfg = Release|Any CPU
		{C964549E-C719-4662-B955-726B1F00BB92}.Release|x86.Build.0 = Release|Any CPU
	EndGlobalSection
	GlobalSection(SolutionProperties) = preSolution
		HideSolutionNode = FALSE
	EndGlobalSection
	GlobalSection(NestedProjects) = preSolution
		{E38AAF9B-AAA8-42EC-BE35-5BF68706A884} = {0AB3BF05-4346-4AA6-1389-037BE0695223}
		{0A93B8FE-4DAC-4C47-946C-B59A17193F16} = {66320409-64EC-F7C5-3DEF-65E7510DAAD1}
		{D271BCA5-5F9E-4210-B51A-01DCB36317C4} = {5D20AA90-6969-D8BD-9DCD-8634F4692FDA}
		{BF9B1749-B51C-48CF-85C7-E6E4604204C9} = {827E0CD3-B72D-47B6-A68D-7590B98EB39B}
		{DD6E6998-9993-4832-83CF-8BDE7E6D8BC1} = {0AB3BF05-4346-4AA6-1389-037BE0695223}
		{CA59D634-D84E-4FFA-BD17-623C94F3919B} = {5D20AA90-6969-D8BD-9DCD-8634F4692FDA}
		{2FF8D499-86BC-46C5-8206-613390E15F56} = {827E0CD3-B72D-47B6-A68D-7590B98EB39B}
		{6303FEBE-BD67-4947-9517-A1C2090E9F19} = {0AB3BF05-4346-4AA6-1389-037BE0695223}
		{ABBA9652-2A21-4D74-A8D6-05D201F5A9C7} = {827E0CD3-B72D-47B6-A68D-7590B98EB39B}
		{C964549E-C719-4662-B955-726B1F00BB92} = {0AB3BF05-4346-4AA6-1389-037BE0695223}
	EndGlobalSection
EndGlobal
